// !$*UTF8*$!
{
	archiveVersion = 1;
	classes = {
	};
	objectVersion = 46;
	objects = {

/* Begin PBXBuildFile section */
		AC18E5061D1E349900979D61 /* Localizable.strings in Resources */ = {isa = PBXBuildFile; fileRef = AC18E5081D1E349900979D61 /* Localizable.strings */; };
		AC369BF61D201545001530DB /* ViewController.swift in Sources */ = {isa = PBXBuildFile; fileRef = AC369BF51D201545001530DB /* ViewController.swift */; };
		AC8692BB1D29561A00955284 /* NavigationAnimator.swift in Sources */ = {isa = PBXBuildFile; fileRef = AC8692BA1D29561A00955284 /* NavigationAnimator.swift */; };
		AC8692BD1D29564300955284 /* ConvolveInputController.swift in Sources */ = {isa = PBXBuildFile; fileRef = AC8692BC1D29564300955284 /* ConvolveInputController.swift */; };
		AC8692BF1D29568500955284 /* Protocols.swift in Sources */ = {isa = PBXBuildFile; fileRef = AC8692BE1D29568500955284 /* Protocols.swift */; };
		AC9B6B711D200C5E00A2ECD9 /* MatrixCell.swift in Sources */ = {isa = PBXBuildFile; fileRef = AC9B6B701D200C5E00A2ECD9 /* MatrixCell.swift */; };
		ACA4B7B11D1FCE7C008337C7 /* MatrixLayout.swift in Sources */ = {isa = PBXBuildFile; fileRef = ACA4B7B01D1FCE7C008337C7 /* MatrixLayout.swift */; };
		ACDB0EDC1D1F986600B82BC6 /* MatrixDataSource.swift in Sources */ = {isa = PBXBuildFile; fileRef = ACDB0EDB1D1F986600B82BC6 /* MatrixDataSource.swift */; };
		ACE9427B1D1D5556006FAFD8 /* AppDelegate.swift in Sources */ = {isa = PBXBuildFile; fileRef = ACE9427A1D1D5556006FAFD8 /* AppDelegate.swift */; };
		ACE942801D1D5556006FAFD8 /* Main.storyboard in Resources */ = {isa = PBXBuildFile; fileRef = ACE9427E1D1D5556006FAFD8 /* Main.storyboard */; };
		ACE942821D1D5556006FAFD8 /* Assets.xcassets in Resources */ = {isa = PBXBuildFile; fileRef = ACE942811D1D5556006FAFD8 /* Assets.xcassets */; };
		ACE942851D1D5556006FAFD8 /* LaunchScreen.storyboard in Resources */ = {isa = PBXBuildFile; fileRef = ACE942831D1D5556006FAFD8 /* LaunchScreen.storyboard */; };
		ACE942901D1D5556006FAFD8 /* ImageMatrixTests.swift in Sources */ = {isa = PBXBuildFile; fileRef = ACE9428F1D1D5556006FAFD8 /* ImageMatrixTests.swift */; };
		ACE9429B1D1D5556006FAFD8 /* ImageMatrixUITests.swift in Sources */ = {isa = PBXBuildFile; fileRef = ACE9429A1D1D5556006FAFD8 /* ImageMatrixUITests.swift */; };
		ACE942AA1D1D557A006FAFD8 /* Accelerate.framework in Frameworks */ = {isa = PBXBuildFile; fileRef = ACE942A91D1D557A006FAFD8 /* Accelerate.framework */; };
		ACE942AD1D1D5596006FAFD8 /* Photos.framework in Frameworks */ = {isa = PBXBuildFile; fileRef = ACE942AB1D1D5596006FAFD8 /* Photos.framework */; };
		ACE942AE1D1D5596006FAFD8 /* PhotosUI.framework in Frameworks */ = {isa = PBXBuildFile; fileRef = ACE942AC1D1D5596006FAFD8 /* PhotosUI.framework */; };
/* End PBXBuildFile section */

/* Begin PBXContainerItemProxy section */
		ACE9428C1D1D5556006FAFD8 /* PBXContainerItemProxy */ = {
			isa = PBXContainerItemProxy;
			containerPortal = ACE9426F1D1D5556006FAFD8 /* Project object */;
			proxyType = 1;
			remoteGlobalIDString = ACE942761D1D5556006FAFD8;
			remoteInfo = ImageMatrix;
		};
		ACE942971D1D5556006FAFD8 /* PBXContainerItemProxy */ = {
			isa = PBXContainerItemProxy;
			containerPortal = ACE9426F1D1D5556006FAFD8 /* Project object */;
			proxyType = 1;
			remoteGlobalIDString = ACE942761D1D5556006FAFD8;
			remoteInfo = ImageMatrix;
		};
/* End PBXContainerItemProxy section */

/* Begin PBXFileReference section */
		AC18E5071D1E349900979D61 /* en */ = {isa = PBXFileReference; lastKnownFileType = text.plist.strings; name = en; path = en.lproj/Localizable.strings; sourceTree = "<group>"; };
		AC18E5091D1E34B500979D61 /* ko */ = {isa = PBXFileReference; lastKnownFileType = text.plist.strings; name = ko; path = ko.lproj/Localizable.strings; sourceTree = "<group>"; };
		AC369BF51D201545001530DB /* ViewController.swift */ = {isa = PBXFileReference; fileEncoding = 4; lastKnownFileType = sourcecode.swift; path = ViewController.swift; sourceTree = "<group>"; };
		AC8692BA1D29561A00955284 /* NavigationAnimator.swift */ = {isa = PBXFileReference; fileEncoding = 4; lastKnownFileType = sourcecode.swift; path = NavigationAnimator.swift; sourceTree = "<group>"; };
		AC8692BC1D29564300955284 /* ConvolveInputController.swift */ = {isa = PBXFileReference; fileEncoding = 4; lastKnownFileType = sourcecode.swift; path = ConvolveInputController.swift; sourceTree = "<group>"; };
		AC8692BE1D29568500955284 /* Protocols.swift */ = {isa = PBXFileReference; fileEncoding = 4; lastKnownFileType = sourcecode.swift; path = Protocols.swift; sourceTree = "<group>"; };
		AC9B6B701D200C5E00A2ECD9 /* MatrixCell.swift */ = {isa = PBXFileReference; fileEncoding = 4; lastKnownFileType = sourcecode.swift; path = MatrixCell.swift; sourceTree = "<group>"; };
		ACA4B7B01D1FCE7C008337C7 /* MatrixLayout.swift */ = {isa = PBXFileReference; fileEncoding = 4; lastKnownFileType = sourcecode.swift; path = MatrixLayout.swift; sourceTree = "<group>"; };
		ACDB0EDB1D1F986600B82BC6 /* MatrixDataSource.swift */ = {isa = PBXFileReference; fileEncoding = 4; lastKnownFileType = sourcecode.swift; path = MatrixDataSource.swift; sourceTree = "<group>"; };
		ACDB0EDD1D1FA37900B82BC6 /* ImageZoo.playground */ = {isa = PBXFileReference; lastKnownFileType = file.playground; path = ImageZoo.playground; sourceTree = "<group>"; };
		ACE942771D1D5556006FAFD8 /* ImageMatrix.app */ = {isa = PBXFileReference; explicitFileType = wrapper.application; includeInIndex = 0; path = ImageMatrix.app; sourceTree = BUILT_PRODUCTS_DIR; };
		ACE9427A1D1D5556006FAFD8 /* AppDelegate.swift */ = {isa = PBXFileReference; lastKnownFileType = sourcecode.swift; path = AppDelegate.swift; sourceTree = "<group>"; };
		ACE9427F1D1D5556006FAFD8 /* Base */ = {isa = PBXFileReference; lastKnownFileType = file.storyboard; name = Base; path = Base.lproj/Main.storyboard; sourceTree = "<group>"; };
		ACE942811D1D5556006FAFD8 /* Assets.xcassets */ = {isa = PBXFileReference; lastKnownFileType = folder.assetcatalog; path = Assets.xcassets; sourceTree = "<group>"; };
		ACE942841D1D5556006FAFD8 /* Base */ = {isa = PBXFileReference; lastKnownFileType = file.storyboard; name = Base; path = Base.lproj/LaunchScreen.storyboard; sourceTree = "<group>"; };
		ACE942861D1D5556006FAFD8 /* Info.plist */ = {isa = PBXFileReference; lastKnownFileType = text.plist.xml; path = Info.plist; sourceTree = "<group>"; };
		ACE9428B1D1D5556006FAFD8 /* ImageMatrixTests.xctest */ = {isa = PBXFileReference; explicitFileType = wrapper.cfbundle; includeInIndex = 0; path = ImageMatrixTests.xctest; sourceTree = BUILT_PRODUCTS_DIR; };
		ACE9428F1D1D5556006FAFD8 /* ImageMatrixTests.swift */ = {isa = PBXFileReference; lastKnownFileType = sourcecode.swift; path = ImageMatrixTests.swift; sourceTree = "<group>"; };
		ACE942911D1D5556006FAFD8 /* Info.plist */ = {isa = PBXFileReference; lastKnownFileType = text.plist.xml; path = Info.plist; sourceTree = "<group>"; };
		ACE942961D1D5556006FAFD8 /* ImageMatrixUITests.xctest */ = {isa = PBXFileReference; explicitFileType = wrapper.cfbundle; includeInIndex = 0; path = ImageMatrixUITests.xctest; sourceTree = BUILT_PRODUCTS_DIR; };
		ACE9429A1D1D5556006FAFD8 /* ImageMatrixUITests.swift */ = {isa = PBXFileReference; lastKnownFileType = sourcecode.swift; path = ImageMatrixUITests.swift; sourceTree = "<group>"; };
		ACE9429C1D1D5556006FAFD8 /* Info.plist */ = {isa = PBXFileReference; lastKnownFileType = text.plist.xml; path = Info.plist; sourceTree = "<group>"; };
		ACE942A91D1D557A006FAFD8 /* Accelerate.framework */ = {isa = PBXFileReference; lastKnownFileType = wrapper.framework; name = Accelerate.framework; path = System/Library/Frameworks/Accelerate.framework; sourceTree = SDKROOT; };
		ACE942AB1D1D5596006FAFD8 /* Photos.framework */ = {isa = PBXFileReference; lastKnownFileType = wrapper.framework; name = Photos.framework; path = System/Library/Frameworks/Photos.framework; sourceTree = SDKROOT; };
		ACE942AC1D1D5596006FAFD8 /* PhotosUI.framework */ = {isa = PBXFileReference; lastKnownFileType = wrapper.framework; name = PhotosUI.framework; path = System/Library/Frameworks/PhotosUI.framework; sourceTree = SDKROOT; };
/* End PBXFileReference section */

/* Begin PBXFrameworksBuildPhase section */
		ACE942741D1D5556006FAFD8 /* Frameworks */ = {
			isa = PBXFrameworksBuildPhase;
			buildActionMask = 2147483647;
			files = (
				ACE942AD1D1D5596006FAFD8 /* Photos.framework in Frameworks */,
				ACE942AE1D1D5596006FAFD8 /* PhotosUI.framework in Frameworks */,
				ACE942AA1D1D557A006FAFD8 /* Accelerate.framework in Frameworks */,
			);
			runOnlyForDeploymentPostprocessing = 0;
		};
		ACE942881D1D5556006FAFD8 /* Frameworks */ = {
			isa = PBXFrameworksBuildPhase;
			buildActionMask = 2147483647;
			files = (
			);
			runOnlyForDeploymentPostprocessing = 0;
		};
		ACE942931D1D5556006FAFD8 /* Frameworks */ = {
			isa = PBXFrameworksBuildPhase;
			buildActionMask = 2147483647;
			files = (
			);
			runOnlyForDeploymentPostprocessing = 0;
		};
/* End PBXFrameworksBuildPhase section */

/* Begin PBXGroup section */
		ACDB0EDA1D1F984D00B82BC6 /* Matrix */ = {
			isa = PBXGroup;
			children = (
				ACDB0EDB1D1F986600B82BC6 /* MatrixDataSource.swift */,
				ACA4B7B01D1FCE7C008337C7 /* MatrixLayout.swift */,
				AC9B6B701D200C5E00A2ECD9 /* MatrixCell.swift */,
			);
			name = Matrix;
			sourceTree = "<group>";
		};
		ACE9426E1D1D5556006FAFD8 = {
			isa = PBXGroup;
			children = (
				ACE942791D1D5556006FAFD8 /* ImageMatrix */,
				ACE9428E1D1D5556006FAFD8 /* ImageMatrixTests */,
				ACE942991D1D5556006FAFD8 /* ImageMatrixUITests */,
				ACE942781D1D5556006FAFD8 /* Products */,
				ACE942A81D1D557A006FAFD8 /* Frameworks */,
			);
			sourceTree = "<group>";
		};
		ACE942781D1D5556006FAFD8 /* Products */ = {
			isa = PBXGroup;
			children = (
				ACE942771D1D5556006FAFD8 /* ImageMatrix.app */,
				ACE9428B1D1D5556006FAFD8 /* ImageMatrixTests.xctest */,
				ACE942961D1D5556006FAFD8 /* ImageMatrixUITests.xctest */,
			);
			name = Products;
			sourceTree = "<group>";
		};
		ACE942791D1D5556006FAFD8 /* ImageMatrix */ = {
			isa = PBXGroup;
			children = (
				ACDB0EDA1D1F984D00B82BC6 /* Matrix */,
				ACE9427A1D1D5556006FAFD8 /* AppDelegate.swift */,
				AC369BF51D201545001530DB /* ViewController.swift */,
				AC8692BC1D29564300955284 /* ConvolveInputController.swift */,
				AC8692BA1D29561A00955284 /* NavigationAnimator.swift */,
				AC8692BE1D29568500955284 /* Protocols.swift */,
				ACE9427E1D1D5556006FAFD8 /* Main.storyboard */,
				AC18E5081D1E349900979D61 /* Localizable.strings */,
				ACE942811D1D5556006FAFD8 /* Assets.xcassets */,
				ACE942831D1D5556006FAFD8 /* LaunchScreen.storyboard */,
				ACE942861D1D5556006FAFD8 /* Info.plist */,
				ACDB0EDD1D1FA37900B82BC6 /* ImageZoo.playground */,
			);
			path = ImageMatrix;
			sourceTree = "<group>";
		};
		ACE9428E1D1D5556006FAFD8 /* ImageMatrixTests */ = {
			isa = PBXGroup;
			children = (
				ACE9428F1D1D5556006FAFD8 /* ImageMatrixTests.swift */,
				ACE942911D1D5556006FAFD8 /* Info.plist */,
			);
			path = ImageMatrixTests;
			sourceTree = "<group>";
		};
		ACE942991D1D5556006FAFD8 /* ImageMatrixUITests */ = {
			isa = PBXGroup;
			children = (
				ACE9429A1D1D5556006FAFD8 /* ImageMatrixUITests.swift */,
				ACE9429C1D1D5556006FAFD8 /* Info.plist */,
			);
			path = ImageMatrixUITests;
			sourceTree = "<group>";
		};
		ACE942A81D1D557A006FAFD8 /* Frameworks */ = {
			isa = PBXGroup;
			children = (
				ACE942AB1D1D5596006FAFD8 /* Photos.framework */,
				ACE942AC1D1D5596006FAFD8 /* PhotosUI.framework */,
				ACE942A91D1D557A006FAFD8 /* Accelerate.framework */,
			);
			name = Frameworks;
			sourceTree = "<group>";
		};
/* End PBXGroup section */

/* Begin PBXNativeTarget section */
		ACE942761D1D5556006FAFD8 /* ImageMatrix */ = {
			isa = PBXNativeTarget;
			buildConfigurationList = ACE9429F1D1D5556006FAFD8 /* Build configuration list for PBXNativeTarget "ImageMatrix" */;
			buildPhases = (
				ACE942731D1D5556006FAFD8 /* Sources */,
				ACE942741D1D5556006FAFD8 /* Frameworks */,
				ACE942751D1D5556006FAFD8 /* Resources */,
			);
			buildRules = (
			);
			dependencies = (
			);
			name = ImageMatrix;
			productName = ImageMatrix;
			productReference = ACE942771D1D5556006FAFD8 /* ImageMatrix.app */;
			productType = "com.apple.product-type.application";
		};
		ACE9428A1D1D5556006FAFD8 /* ImageMatrixTests */ = {
			isa = PBXNativeTarget;
			buildConfigurationList = ACE942A21D1D5556006FAFD8 /* Build configuration list for PBXNativeTarget "ImageMatrixTests" */;
			buildPhases = (
				ACE942871D1D5556006FAFD8 /* Sources */,
				ACE942881D1D5556006FAFD8 /* Frameworks */,
				ACE942891D1D5556006FAFD8 /* Resources */,
			);
			buildRules = (
			);
			dependencies = (
				ACE9428D1D1D5556006FAFD8 /* PBXTargetDependency */,
			);
			name = ImageMatrixTests;
			productName = ImageMatrixTests;
			productReference = ACE9428B1D1D5556006FAFD8 /* ImageMatrixTests.xctest */;
			productType = "com.apple.product-type.bundle.unit-test";
		};
		ACE942951D1D5556006FAFD8 /* ImageMatrixUITests */ = {
			isa = PBXNativeTarget;
			buildConfigurationList = ACE942A51D1D5556006FAFD8 /* Build configuration list for PBXNativeTarget "ImageMatrixUITests" */;
			buildPhases = (
				ACE942921D1D5556006FAFD8 /* Sources */,
				ACE942931D1D5556006FAFD8 /* Frameworks */,
				ACE942941D1D5556006FAFD8 /* Resources */,
			);
			buildRules = (
			);
			dependencies = (
				ACE942981D1D5556006FAFD8 /* PBXTargetDependency */,
			);
			name = ImageMatrixUITests;
			productName = ImageMatrixUITests;
			productReference = ACE942961D1D5556006FAFD8 /* ImageMatrixUITests.xctest */;
			productType = "com.apple.product-type.bundle.ui-testing";
		};
/* End PBXNativeTarget section */

/* Begin PBXProject section */
		ACE9426F1D1D5556006FAFD8 /* Project object */ = {
			isa = PBXProject;
			attributes = {
				LastSwiftUpdateCheck = 0800;
				LastUpgradeCheck = 0800;
				ORGANIZATIONNAME = ngenii;
				TargetAttributes = {
					ACE942761D1D5556006FAFD8 = {
						CreatedOnToolsVersion = 8.0;
						DevelopmentTeam = HY47J4787Q;
						DevelopmentTeamName = "Kwanghoon Choi";
						LastSwiftMigration = 0800;
						ProvisioningStyle = Automatic;
					};
					ACE9428A1D1D5556006FAFD8 = {
						CreatedOnToolsVersion = 8.0;
						DevelopmentTeam = HY47J4787Q;
						DevelopmentTeamName = "Kwanghoon Choi";
						LastSwiftMigration = 0800;
						ProvisioningStyle = Automatic;
						TestTargetID = ACE942761D1D5556006FAFD8;
					};
					ACE942951D1D5556006FAFD8 = {
						CreatedOnToolsVersion = 8.0;
						DevelopmentTeam = HY47J4787Q;
						DevelopmentTeamName = "Kwanghoon Choi";
						LastSwiftMigration = 0800;
						ProvisioningStyle = Automatic;
						TestTargetID = ACE942761D1D5556006FAFD8;
					};
				};
			};
			buildConfigurationList = ACE942721D1D5556006FAFD8 /* Build configuration list for PBXProject "ImageMatrix" */;
			compatibilityVersion = "Xcode 3.2";
			developmentRegion = English;
			hasScannedForEncodings = 0;
			knownRegions = (
				en,
				Base,
				ko,
			);
			mainGroup = ACE9426E1D1D5556006FAFD8;
			productRefGroup = ACE942781D1D5556006FAFD8 /* Products */;
			projectDirPath = "";
			projectRoot = "";
			targets = (
				ACE942761D1D5556006FAFD8 /* ImageMatrix */,
				ACE9428A1D1D5556006FAFD8 /* ImageMatrixTests */,
				ACE942951D1D5556006FAFD8 /* ImageMatrixUITests */,
			);
		};
/* End PBXProject section */

/* Begin PBXResourcesBuildPhase section */
		ACE942751D1D5556006FAFD8 /* Resources */ = {
			isa = PBXResourcesBuildPhase;
			buildActionMask = 2147483647;
			files = (
				ACE942851D1D5556006FAFD8 /* LaunchScreen.storyboard in Resources */,
				AC18E5061D1E349900979D61 /* Localizable.strings in Resources */,
				ACE942821D1D5556006FAFD8 /* Assets.xcassets in Resources */,
				ACE942801D1D5556006FAFD8 /* Main.storyboard in Resources */,
			);
			runOnlyForDeploymentPostprocessing = 0;
		};
		ACE942891D1D5556006FAFD8 /* Resources */ = {
			isa = PBXResourcesBuildPhase;
			buildActionMask = 2147483647;
			files = (
			);
			runOnlyForDeploymentPostprocessing = 0;
		};
		ACE942941D1D5556006FAFD8 /* Resources */ = {
			isa = PBXResourcesBuildPhase;
			buildActionMask = 2147483647;
			files = (
			);
			runOnlyForDeploymentPostprocessing = 0;
		};
/* End PBXResourcesBuildPhase section */

/* Begin PBXSourcesBuildPhase section */
		ACE942731D1D5556006FAFD8 /* Sources */ = {
			isa = PBXSourcesBuildPhase;
			buildActionMask = 2147483647;
			files = (
				AC369BF61D201545001530DB /* ViewController.swift in Sources */,
				ACA4B7B11D1FCE7C008337C7 /* MatrixLayout.swift in Sources */,
				AC8692BB1D29561A00955284 /* NavigationAnimator.swift in Sources */,
				AC9B6B711D200C5E00A2ECD9 /* MatrixCell.swift in Sources */,
				ACDB0EDC1D1F986600B82BC6 /* MatrixDataSource.swift in Sources */,
				ACE9427B1D1D5556006FAFD8 /* AppDelegate.swift in Sources */,
				AC8692BD1D29564300955284 /* ConvolveInputController.swift in Sources */,
				AC8692BF1D29568500955284 /* Protocols.swift in Sources */,
			);
			runOnlyForDeploymentPostprocessing = 0;
		};
		ACE942871D1D5556006FAFD8 /* Sources */ = {
			isa = PBXSourcesBuildPhase;
			buildActionMask = 2147483647;
			files = (
				ACE942901D1D5556006FAFD8 /* ImageMatrixTests.swift in Sources */,
			);
			runOnlyForDeploymentPostprocessing = 0;
		};
		ACE942921D1D5556006FAFD8 /* Sources */ = {
			isa = PBXSourcesBuildPhase;
			buildActionMask = 2147483647;
			files = (
				ACE9429B1D1D5556006FAFD8 /* ImageMatrixUITests.swift in Sources */,
			);
			runOnlyForDeploymentPostprocessing = 0;
		};
/* End PBXSourcesBuildPhase section */

/* Begin PBXTargetDependency section */
		ACE9428D1D1D5556006FAFD8 /* PBXTargetDependency */ = {
			isa = PBXTargetDependency;
			target = ACE942761D1D5556006FAFD8 /* ImageMatrix */;
			targetProxy = ACE9428C1D1D5556006FAFD8 /* PBXContainerItemProxy */;
		};
		ACE942981D1D5556006FAFD8 /* PBXTargetDependency */ = {
			isa = PBXTargetDependency;
			target = ACE942761D1D5556006FAFD8 /* ImageMatrix */;
			targetProxy = ACE942971D1D5556006FAFD8 /* PBXContainerItemProxy */;
		};
/* End PBXTargetDependency section */

/* Begin PBXVariantGroup section */
		AC18E5081D1E349900979D61 /* Localizable.strings */ = {
			isa = PBXVariantGroup;
			children = (
				AC18E5071D1E349900979D61 /* en */,
				AC18E5091D1E34B500979D61 /* ko */,
			);
			name = Localizable.strings;
			sourceTree = "<group>";
		};
		ACE9427E1D1D5556006FAFD8 /* Main.storyboard */ = {
			isa = PBXVariantGroup;
			children = (
				ACE9427F1D1D5556006FAFD8 /* Base */,
			);
			name = Main.storyboard;
			sourceTree = "<group>";
		};
		ACE942831D1D5556006FAFD8 /* LaunchScreen.storyboard */ = {
			isa = PBXVariantGroup;
			children = (
				ACE942841D1D5556006FAFD8 /* Base */,
			);
			name = LaunchScreen.storyboard;
			sourceTree = "<group>";
		};
/* End PBXVariantGroup section */

/* Begin XCBuildConfiguration section */
		ACE9429D1D1D5556006FAFD8 /* Debug */ = {
			isa = XCBuildConfiguration;
			buildSettings = {
				ALWAYS_SEARCH_USER_PATHS = NO;
				CLANG_ANALYZER_LOCALIZABILITY_NONLOCALIZED = YES;
				CLANG_ANALYZER_NONNULL = YES;
				CLANG_CXX_LANGUAGE_STANDARD = "gnu++0x";
				CLANG_CXX_LIBRARY = "libc++";
				CLANG_ENABLE_MODULES = YES;
				CLANG_ENABLE_OBJC_ARC = YES;
				CLANG_WARN_BOOL_CONVERSION = YES;
				CLANG_WARN_CONSTANT_CONVERSION = YES;
				CLANG_WARN_DIRECT_OBJC_ISA_USAGE = YES_ERROR;
				CLANG_WARN_DOCUMENTATION_COMMENTS = YES;
				CLANG_WARN_EMPTY_BODY = YES;
				CLANG_WARN_ENUM_CONVERSION = YES;
				CLANG_WARN_INT_CONVERSION = YES;
				CLANG_WARN_OBJC_ROOT_CLASS = YES_ERROR;
				CLANG_WARN_UNREACHABLE_CODE = YES;
				CLANG_WARN__DUPLICATE_METHOD_MATCH = YES;
				"CODE_SIGN_IDENTITY[sdk=iphoneos*]" = "iPhone Developer";
				COPY_PHASE_STRIP = NO;
				DEBUG_INFORMATION_FORMAT = dwarf;
				ENABLE_STRICT_OBJC_MSGSEND = YES;
				ENABLE_TESTABILITY = YES;
				GCC_C_LANGUAGE_STANDARD = gnu99;
				GCC_DYNAMIC_NO_PIC = NO;
				GCC_NO_COMMON_BLOCKS = YES;
				GCC_OPTIMIZATION_LEVEL = 0;
				GCC_PREPROCESSOR_DEFINITIONS = (
					"DEBUG=1",
					"$(inherited)",
				);
				GCC_WARN_64_TO_32_BIT_CONVERSION = YES;
				GCC_WARN_ABOUT_RETURN_TYPE = YES_ERROR;
				GCC_WARN_UNDECLARED_SELECTOR = YES;
				GCC_WARN_UNINITIALIZED_AUTOS = YES_AGGRESSIVE;
				GCC_WARN_UNUSED_FUNCTION = YES;
				GCC_WARN_UNUSED_VARIABLE = YES;
				IPHONEOS_DEPLOYMENT_TARGET = 10.0;
				MTL_ENABLE_DEBUG_INFO = YES;
				ONLY_ACTIVE_ARCH = YES;
				SDKROOT = iphoneos;
				SWIFT_ACTIVE_COMPILATION_CONDITIONS = DEBUG;
				SWIFT_OPTIMIZATION_LEVEL = "-Onone";
				TARGETED_DEVICE_FAMILY = "1,2";
			};
			name = Debug;
		};
		ACE9429E1D1D5556006FAFD8 /* Release */ = {
			isa = XCBuildConfiguration;
			buildSettings = {
				ALWAYS_SEARCH_USER_PATHS = NO;
				CLANG_ANALYZER_LOCALIZABILITY_NONLOCALIZED = YES;
				CLANG_ANALYZER_NONNULL = YES;
				CLANG_CXX_LANGUAGE_STANDARD = "gnu++0x";
				CLANG_CXX_LIBRARY = "libc++";
				CLANG_ENABLE_MODULES = YES;
				CLANG_ENABLE_OBJC_ARC = YES;
				CLANG_WARN_BOOL_CONVERSION = YES;
				CLANG_WARN_CONSTANT_CONVERSION = YES;
				CLANG_WARN_DIRECT_OBJC_ISA_USAGE = YES_ERROR;
				CLANG_WARN_DOCUMENTATION_COMMENTS = YES;
				CLANG_WARN_EMPTY_BODY = YES;
				CLANG_WARN_ENUM_CONVERSION = YES;
				CLANG_WARN_INT_CONVERSION = YES;
				CLANG_WARN_OBJC_ROOT_CLASS = YES_ERROR;
				CLANG_WARN_UNREACHABLE_CODE = YES;
				CLANG_WARN__DUPLICATE_METHOD_MATCH = YES;
				"CODE_SIGN_IDENTITY[sdk=iphoneos*]" = "iPhone Developer";
				COPY_PHASE_STRIP = NO;
				DEBUG_INFORMATION_FORMAT = "dwarf-with-dsym";
				ENABLE_NS_ASSERTIONS = NO;
				ENABLE_STRICT_OBJC_MSGSEND = YES;
				GCC_C_LANGUAGE_STANDARD = gnu99;
				GCC_NO_COMMON_BLOCKS = YES;
				GCC_WARN_64_TO_32_BIT_CONVERSION = YES;
				GCC_WARN_ABOUT_RETURN_TYPE = YES_ERROR;
				GCC_WARN_UNDECLARED_SELECTOR = YES;
				GCC_WARN_UNINITIALIZED_AUTOS = YES_AGGRESSIVE;
				GCC_WARN_UNUSED_FUNCTION = YES;
				GCC_WARN_UNUSED_VARIABLE = YES;
				IPHONEOS_DEPLOYMENT_TARGET = 10.0;
				MTL_ENABLE_DEBUG_INFO = NO;
				SDKROOT = iphoneos;
				SWIFT_OPTIMIZATION_LEVEL = "-Owholemodule";
				TARGETED_DEVICE_FAMILY = "1,2";
				VALIDATE_PRODUCT = YES;
			};
			name = Release;
		};
		ACE942A01D1D5556006FAFD8 /* Debug */ = {
			isa = XCBuildConfiguration;
			buildSettings = {
				ASSETCATALOG_COMPILER_APPICON_NAME = AppIcon;
				INFOPLIST_FILE = ImageMatrix/Info.plist;
				LD_RUNPATH_SEARCH_PATHS = "$(inherited) @executable_path/Frameworks";
				PRODUCT_BUNDLE_IDENTIFIER = com.ngenii.ImageMatrix;
				PRODUCT_NAME = "$(TARGET_NAME)";
				SWIFT_VERSION = 3.0;
			};
			name = Debug;
		};
		ACE942A11D1D5556006FAFD8 /* Release */ = {
			isa = XCBuildConfiguration;
			buildSettings = {
				ASSETCATALOG_COMPILER_APPICON_NAME = AppIcon;
				INFOPLIST_FILE = ImageMatrix/Info.plist;
				LD_RUNPATH_SEARCH_PATHS = "$(inherited) @executable_path/Frameworks";
				PRODUCT_BUNDLE_IDENTIFIER = com.ngenii.ImageMatrix;
				PRODUCT_NAME = "$(TARGET_NAME)";
				SWIFT_VERSION = 3.0;
			};
			name = Release;
		};
		ACE942A31D1D5556006FAFD8 /* Debug */ = {
			isa = XCBuildConfiguration;
			buildSettings = {
				BUNDLE_LOADER = "$(TEST_HOST)";
				INFOPLIST_FILE = ImageMatrixTests/Info.plist;
				LD_RUNPATH_SEARCH_PATHS = "$(inherited) @executable_path/Frameworks @loader_path/Frameworks";
				PRODUCT_BUNDLE_IDENTIFIER = com.ngenii.ImageMatrixTests;
				PRODUCT_NAME = "$(TARGET_NAME)";
				SWIFT_VERSION = 3.0;
				TEST_HOST = "$(BUILT_PRODUCTS_DIR)/ImageMatrix.app/ImageMatrix";
			};
			name = Debug;
		};
		ACE942A41D1D5556006FAFD8 /* Release */ = {
			isa = XCBuildConfiguration;
			buildSettings = {
				BUNDLE_LOADER = "$(TEST_HOST)";
				INFOPLIST_FILE = ImageMatrixTests/Info.plist;
				LD_RUNPATH_SEARCH_PATHS = "$(inherited) @executable_path/Frameworks @loader_path/Frameworks";
				PRODUCT_BUNDLE_IDENTIFIER = com.ngenii.ImageMatrixTests;
				PRODUCT_NAME = "$(TARGET_NAME)";
				SWIFT_VERSION = 3.0;
				TEST_HOST = "$(BUILT_PRODUCTS_DIR)/ImageMatrix.app/ImageMatrix";
			};
			name = Release;
		};
		ACE942A61D1D5556006FAFD8 /* Debug */ = {
			isa = XCBuildConfiguration;
			buildSettings = {
				INFOPLIST_FILE = ImageMatrixUITests/Info.plist;
				LD_RUNPATH_SEARCH_PATHS = "$(inherited) @executable_path/Frameworks @loader_path/Frameworks";
				PRODUCT_BUNDLE_IDENTIFIER = com.ngenii.ImageMatrixUITests;
				PRODUCT_NAME = "$(TARGET_NAME)";
				SWIFT_VERSION = 3.0;
				TEST_TARGET_NAME = ImageMatrix;
			};
			name = Debug;
		};
		ACE942A71D1D5556006FAFD8 /* Release */ = {
			isa = XCBuildConfiguration;
			buildSettings = {
				INFOPLIST_FILE = ImageMatrixUITests/Info.plist;
				LD_RUNPATH_SEARCH_PATHS = "$(inherited) @executable_path/Frameworks @loader_path/Frameworks";
				PRODUCT_BUNDLE_IDENTIFIER = com.ngenii.ImageMatrixUITests;
				PRODUCT_NAME = "$(TARGET_NAME)";
				SWIFT_VERSION = 3.0;
				TEST_TARGET_NAME = ImageMatrix;
			};
			name = Release;
		};
/* End XCBuildConfiguration section */

/* Begin XCConfigurationList section */
		ACE942721D1D5556006FAFD8 /* Build configuration list for PBXProject "ImageMatrix" */ = {
			isa = XCConfigurationList;
			buildConfigurations = (
				ACE9429D1D1D5556006FAFD8 /* Debug */,
				ACE9429E1D1D5556006FAFD8 /* Release */,
			);
			defaultConfigurationIsVisible = 0;
			defaultConfigurationName = Release;
		};
		ACE9429F1D1D5556006FAFD8 /* Build configuration list for PBXNativeTarget "ImageMatrix" */ = {
			isa = XCConfigurationList;
			buildConfigurations = (
				ACE942A01D1D5556006FAFD8 /* Debug */,
				ACE942A11D1D5556006FAFD8 /* Release */,
			);
			defaultConfigurationIsVisible = 0;
			defaultConfigurationName = Release;
		};
		ACE942A21D1D5556006FAFD8 /* Build configuration list for PBXNativeTarget "ImageMatrixTests" */ = {
			isa = XCConfigurationList;
			buildConfigurations = (
				ACE942A31D1D5556006FAFD8 /* Debug */,
				ACE942A41D1D5556006FAFD8 /* Release */,
			);
			defaultConfigurationIsVisible = 0;
			defaultConfigurationName = Release;
		};
		ACE942A51D1D5556006FAFD8 /* Build configuration list for PBXNativeTarget "ImageMatrixUITests" */ = {
			isa = XCConfigurationList;
			buildConfigurations = (
				ACE942A61D1D5556006FAFD8 /* Debug */,
				ACE942A71D1D5556006FAFD8 /* Release */,
			);
			defaultConfigurationIsVisible = 0;
			defaultConfigurationName = Release;
		};
/* End XCConfigurationList section */
	};
	rootObject = ACE9426F1D1D5556006FAFD8 /* Project object */;
}
